
Microsoft Visual Studio Solution File, Format Version 12.00
# Visual Studio Version 17
VisualStudioVersion = 17.10.34928.147
MinimumVisualStudioVersion = 10.0.40219.1
Project("{FAE04EC0-301F-11D3-BF4B-00C04F79EFBC}") = "HotelManagementSystem", "HotelManagementSystem\HotelManagementSystem.csproj", "{D20653AE-0ABA-4FF8-B34E-916B36F412D3}"
EndProject
Global
	GlobalSection(SolutionConfigurationPlatforms) = preSolution
		Debug|Any CPU = Debug|Any CPU
		Release|Any CPU = Release|Any CPU
	EndGlobalSection
	GlobalSection(ProjectConfigurationPlatforms) = postSolution
		{D20653AE-0ABA-4FF8-B34E-916B36F412D3}.Debug|Any CPU.ActiveCfg = Debug|Any CPU
		{D20653AE-0ABA-4FF8-B34E-916B36F412D3}.Debug|Any CPU.Build.0 = Debug|Any CPU
		{D20653AE-0ABA-4FF8-B34E-916B36F412D3}.Release|Any CPU.ActiveCfg = Release|Any CPU
		{D20653AE-0ABA-4FF8-B34E-916B36F412D3}.Release|Any CPU.Build.0 = Release|Any CPU
	EndGlobalSection
	GlobalSection(SolutionProperties) = preSolution
		HideSolutionNode = FALSE
	EndGlobalSection
	GlobalSection(ExtensibilityGlobals) = postSolution
		SolutionGuid = {BC126999-8C37-497A-8C63-C3DC4E6C0A25}
	EndGlobalSection
EndGlobal
